
Microsoft Visual Studio Solution File, Format Version 12.00
# Visual Studio Version 17
VisualStudioVersion = 17.11.35303.130
MinimumVisualStudioVersion = 10.0.40219.1
Project("{FAE04EC0-301F-11D3-BF4B-00C04F79EFBC}") = "OPP 5 (2)", "OPP 5 (2).csproj", "{75B2B92F-7731-46B9-B2CB-62F96A9994C4}"
EndProject
Global
	GlobalSection(SolutionConfigurationPlatforms) = preSolution
		Debug|Any CPU = Debug|Any CPU
		Release|Any CPU = Release|Any CPU
	EndGlobalSection
	GlobalSection(ProjectConfigurationPlatforms) = postSolution
		{75B2B92F-7731-46B9-B2CB-62F96A9994C4}.Debug|Any CPU.ActiveCfg = Debug|Any CPU
		{75B2B92F-7731-46B9-B2CB-62F96A9994C4}.Debug|Any CPU.Build.0 = Debug|Any CPU
		{75B2B92F-7731-46B9-B2CB-62F96A9994C4}.Release|Any CPU.ActiveCfg = Release|Any CPU
		{75B2B92F-7731-46B9-B2CB-62F96A9994C4}.Release|Any CPU.Build.0 = Release|Any CPU
	EndGlobalSection
	GlobalSection(SolutionProperties) = preSolution
		HideSolutionNode = FALSE
	EndGlobalSection
	GlobalSection(ExtensibilityGlobals) = postSolution
		SolutionGuid = {5B5CD61C-DE21-42BF-943E-6006CC867D68}
	EndGlobalSection
EndGlobal
